
Microsoft Visual Studio Solution File, Format Version 12.00
# Visual Studio Version 16
VisualStudioVersion = 16.0.30011.22
MinimumVisualStudioVersion = 10.0.40219.1
Project("{FAE04EC0-301F-11D3-BF4B-00C04F79EFBC}") = "Section16_exercicioResolvido", "Section16_exercicioResolvido\Section16_exercicioResolvido.csproj", "{B035A993-B1FF-4778-A600-8E9618D0D032}"
EndProject
Global
	GlobalSection(SolutionConfigurationPlatforms) = preSolution
		Debug|Any CPU = Debug|Any CPU
		Release|Any CPU = Release|Any CPU
	EndGlobalSection
	GlobalSection(ProjectConfigurationPlatforms) = postSolution
		{B035A993-B1FF-4778-A600-8E9618D0D032}.Debug|Any CPU.ActiveCfg = Debug|Any CPU
		{B035A993-B1FF-4778-A600-8E9618D0D032}.Debug|Any CPU.Build.0 = Debug|Any CPU
		{B035A993-B1FF-4778-A600-8E9618D0D032}.Release|Any CPU.ActiveCfg = Release|Any CPU
		{B035A993-B1FF-4778-A600-8E9618D0D032}.Release|Any CPU.Build.0 = Release|Any CPU
	EndGlobalSection
	GlobalSection(SolutionProperties) = preSolution
		HideSolutionNode = FALSE
	EndGlobalSection
	GlobalSection(ExtensibilityGlobals) = postSolution
		SolutionGuid = {C08F414C-B4DD-4AEA-A0BF-BC46915EC996}
	EndGlobalSection
EndGlobal
